
Microsoft Visual Studio Solution File, Format Version 12.00
# Visual Studio Version 17
VisualStudioVersion = 17.3.32901.215
MinimumVisualStudioVersion = 10.0.40219.1
Project("{888888A0-9F3D-457C-B088-3A5042F75D52}") = "Seminar_5", "Seminar_5.pyproj", "{43B58E03-535D-48EE-98EE-675234C11B48}"
EndProject
Global
	GlobalSection(SolutionConfigurationPlatforms) = preSolution
		Debug|Any CPU = Debug|Any CPU
		Release|Any CPU = Release|Any CPU
	EndGlobalSection
	GlobalSection(ProjectConfigurationPlatforms) = postSolution
		{43B58E03-535D-48EE-98EE-675234C11B48}.Debug|Any CPU.ActiveCfg = Debug|Any CPU
		{43B58E03-535D-48EE-98EE-675234C11B48}.Release|Any CPU.ActiveCfg = Release|Any CPU
	EndGlobalSection
	GlobalSection(SolutionProperties) = preSolution
		HideSolutionNode = FALSE
	EndGlobalSection
	GlobalSection(ExtensibilityGlobals) = postSolution
		SolutionGuid = {E832C9BB-B3F3-4416-9C0E-E8DECEDC837A}
	EndGlobalSection
EndGlobal
