
Microsoft Visual Studio Solution File, Format Version 12.00
# Visual Studio Version 17
VisualStudioVersion = 17.3.32901.215
MinimumVisualStudioVersion = 10.0.40219.1
Project("{888888A0-9F3D-457C-B088-3A5042F75D52}") = "Seminar_3", "Seminar_3.pyproj", "{735EF09D-D099-44DD-999B-E1DE1FF7EC28}"
EndProject
Global
	GlobalSection(SolutionConfigurationPlatforms) = preSolution
		Debug|Any CPU = Debug|Any CPU
		Release|Any CPU = Release|Any CPU
	EndGlobalSection
	GlobalSection(ProjectConfigurationPlatforms) = postSolution
		{735EF09D-D099-44DD-999B-E1DE1FF7EC28}.Debug|Any CPU.ActiveCfg = Debug|Any CPU
		{735EF09D-D099-44DD-999B-E1DE1FF7EC28}.Release|Any CPU.ActiveCfg = Release|Any CPU
	EndGlobalSection
	GlobalSection(SolutionProperties) = preSolution
		HideSolutionNode = FALSE
	EndGlobalSection
	GlobalSection(ExtensibilityGlobals) = postSolution
		SolutionGuid = {55AEBEDA-59DA-420F-B111-93F24B77496D}
	EndGlobalSection
EndGlobal
