
Microsoft Visual Studio Solution File, Format Version 12.00
# Visual Studio Version 17
VisualStudioVersion = 17.3.32901.215
MinimumVisualStudioVersion = 10.0.40219.1
Project("{888888A0-9F3D-457C-B088-3A5042F75D52}") = "Home_Work_8_Phone_Book", "Home_Work_8_Phone_Book.pyproj", "{D6086A89-5F63-4458-B52B-E6E6BB42E519}"
EndProject
Global
	GlobalSection(SolutionConfigurationPlatforms) = preSolution
		Debug|Any CPU = Debug|Any CPU
		Release|Any CPU = Release|Any CPU
	EndGlobalSection
	GlobalSection(ProjectConfigurationPlatforms) = postSolution
		{D6086A89-5F63-4458-B52B-E6E6BB42E519}.Debug|Any CPU.ActiveCfg = Debug|Any CPU
		{D6086A89-5F63-4458-B52B-E6E6BB42E519}.Release|Any CPU.ActiveCfg = Release|Any CPU
	EndGlobalSection
	GlobalSection(SolutionProperties) = preSolution
		HideSolutionNode = FALSE
	EndGlobalSection
	GlobalSection(ExtensibilityGlobals) = postSolution
		SolutionGuid = {147CE128-B004-4E2A-9CEA-E487EABC301C}
	EndGlobalSection
EndGlobal
